{
  "name": "Restaurant_Manager",
  "lockfileVersion": 2,
  "requires": true,
  "packages": {
    "": {
      "dependencies": {
        "react-nprogress": "^0.1.6"
      }
    },
    "node_modules/react-nprogress": {
      "version": "0.1.6",
      "resolved": "https://registry.npmjs.org/react-nprogress/-/react-nprogress-0.1.6.tgz",
      "integrity": "sha512-UHdLxT2ALuSlIh4JqEvjeyctvAGIQz/PRVhoLjV3R8MgVR3NRZJ4uBS0JhwR9W45REUtRrGJJbyV7xrXjwJJjw=="
    }
  },
  "dependencies": {
    "react-nprogress": {
      "version": "0.1.6",
      "resolved": "https://registry.npmjs.org/react-nprogress/-/react-nprogress-0.1.6.tgz",
      "integrity": "sha512-UHdLxT2ALuSlIh4JqEvjeyctvAGIQz/PRVhoLjV3R8MgVR3NRZJ4uBS0JhwR9W45REUtRrGJJbyV7xrXjwJJjw=="
    }
  }
}
